{
  "name": "schema2plotly",
  "version": "1.0.0",
  "lockfileVersion": 3,
  "requires": true,
  "packages": {
    "": {
      "name": "schema2plotly",
      "version": "1.0.0",
      "hasInstallScript": true,
      "license": "MIT",
      "dependencies": {
        "almete.wordcloud": "git://github.com/SeregPie/almete.WordCloud.git",
        "chrono-node": "^2.7.5",
        "escape-string-regexp": "^5.0.0",
        "jsonld": "^8.3.1",
        "jsonld-object-graph": "^1.0.9"
      },
      "devDependencies": {
        "esbuild": "latest"
      }
    },
    "node_modules/@digitalbazaar/http-client": {
      "version": "3.4.1",
      "resolved": "https://registry.npmjs.org/@digitalbazaar/http-client/-/http-client-3.4.1.tgz",
      "integrity": "sha512-Ahk1N+s7urkgj7WvvUND5f8GiWEPfUw0D41hdElaqLgu8wZScI8gdI0q+qWw5N1d35x7GCRH2uk9mi+Uzo9M3g==",
      "dependencies": {
        "ky": "^0.33.3",
        "ky-universal": "^0.11.0",
        "undici": "^5.21.2"
      },
      "engines": {
        "node": ">=14.0"
      }
    },
    "node_modules/@esbuild/android-arm": {
      "version": "0.19.4",
      "resolved": "https://registry.npmjs.org/@esbuild/android-arm/-/android-arm-0.19.4.tgz",
      "integrity": "sha512-uBIbiYMeSsy2U0XQoOGVVcpIktjLMEKa7ryz2RLr7L/vTnANNEsPVAh4xOv7ondGz6ac1zVb0F8Jx20rQikffQ==",
      "cpu": [
        "arm"
      ],
      "dev": true,
      "optional": true,
      "os": [
        "android"
      ],
      "engines": {
        "node": ">=12"
      }
    },
    "node_modules/@esbuild/android-arm64": {
      "version": "0.19.4",
      "resolved": "https://registry.npmjs.org/@esbuild/android-arm64/-/android-arm64-0.19.4.tgz",
      "integrity": "sha512-mRsi2vJsk4Bx/AFsNBqOH2fqedxn5L/moT58xgg51DjX1la64Z3Npicut2VbhvDFO26qjWtPMsVxCd80YTFVeg==",
      "cpu": [
        "arm64"
      ],
      "dev": true,
      "optional": true,
      "os": [
        "android"
      ],
      "engines": {
        "node": ">=12"
      }
    },
    "node_modules/@esbuild/android-x64": {
      "version": "0.19.4",
      "resolved": "https://registry.npmjs.org/@esbuild/android-x64/-/android-x64-0.19.4.tgz",
      "integrity": "sha512-4iPufZ1TMOD3oBlGFqHXBpa3KFT46aLl6Vy7gwed0ZSYgHaZ/mihbYb4t7Z9etjkC9Al3ZYIoOaHrU60gcMy7g==",
      "cpu": [
        "x64"
      ],
      "dev": true,
      "optional": true,
      "os": [
        "android"
      ],
      "engines": {
        "node": ">=12"
      }
    },
    "node_modules/@esbuild/darwin-arm64": {
      "version": "0.19.4",
      "resolved": "https://registry.npmjs.org/@esbuild/darwin-arm64/-/darwin-arm64-0.19.4.tgz",
      "integrity": "sha512-Lviw8EzxsVQKpbS+rSt6/6zjn9ashUZ7Tbuvc2YENgRl0yZTktGlachZ9KMJUsVjZEGFVu336kl5lBgDN6PmpA==",
      "cpu": [
        "arm64"
      ],
      "dev": true,
      "optional": true,
      "os": [
        "darwin"
      ],
      "engines": {
        "node": ">=12"
      }
    },
    "node_modules/@esbuild/darwin-x64": {
      "version": "0.19.4",
      "resolved": "https://registry.npmjs.org/@esbuild/darwin-x64/-/darwin-x64-0.19.4.tgz",
      "integrity": "sha512-YHbSFlLgDwglFn0lAO3Zsdrife9jcQXQhgRp77YiTDja23FrC2uwnhXMNkAucthsf+Psr7sTwYEryxz6FPAVqw==",
      "cpu": [
        "x64"
      ],
      "dev": true,
      "optional": true,
      "os": [
        "darwin"
      ],
      "engines": {
        "node": ">=12"
      }
    },
    "node_modules/@esbuild/freebsd-arm64": {
      "version": "0.19.4",
      "resolved": "https://registry.npmjs.org/@esbuild/freebsd-arm64/-/freebsd-arm64-0.19.4.tgz",
      "integrity": "sha512-vz59ijyrTG22Hshaj620e5yhs2dU1WJy723ofc+KUgxVCM6zxQESmWdMuVmUzxtGqtj5heHyB44PjV/HKsEmuQ==",
      "cpu": [
        "arm64"
      ],
      "dev": true,
      "optional": true,
      "os": [
        "freebsd"
      ],
      "engines": {
        "node": ">=12"
      }
    },
    "node_modules/@esbuild/freebsd-x64": {
      "version": "0.19.4",
      "resolved": "https://registry.npmjs.org/@esbuild/freebsd-x64/-/freebsd-x64-0.19.4.tgz",
      "integrity": "sha512-3sRbQ6W5kAiVQRBWREGJNd1YE7OgzS0AmOGjDmX/qZZecq8NFlQsQH0IfXjjmD0XtUYqr64e0EKNFjMUlPL3Cw==",
      "cpu": [
        "x64"
      ],
      "dev": true,
      "optional": true,
      "os": [
        "freebsd"
      ],
      "engines": {
        "node": ">=12"
      }
    },
    "node_modules/@esbuild/linux-arm": {
      "version": "0.19.4",
      "resolved": "https://registry.npmjs.org/@esbuild/linux-arm/-/linux-arm-0.19.4.tgz",
      "integrity": "sha512-z/4ArqOo9EImzTi4b6Vq+pthLnepFzJ92BnofU1jgNlcVb+UqynVFdoXMCFreTK7FdhqAzH0vmdwW5373Hm9pg==",
      "cpu": [
        "arm"
      ],
      "dev": true,
      "optional": true,
      "os": [
        "linux"
      ],
      "engines": {
        "node": ">=12"
      }
    },
    "node_modules/@esbuild/linux-arm64": {
      "version": "0.19.4",
      "resolved": "https://registry.npmjs.org/@esbuild/linux-arm64/-/linux-arm64-0.19.4.tgz",
      "integrity": "sha512-ZWmWORaPbsPwmyu7eIEATFlaqm0QGt+joRE9sKcnVUG3oBbr/KYdNE2TnkzdQwX6EDRdg/x8Q4EZQTXoClUqqA==",
      "cpu": [
        "arm64"
      ],
      "dev": true,
      "optional": true,
      "os": [
        "linux"
      ],
      "engines": {
        "node": ">=12"
      }
    },
    "node_modules/@esbuild/linux-ia32": {
      "version": "0.19.4",
      "resolved": "https://registry.npmjs.org/@esbuild/linux-ia32/-/linux-ia32-0.19.4.tgz",
      "integrity": "sha512-EGc4vYM7i1GRUIMqRZNCTzJh25MHePYsnQfKDexD8uPTCm9mK56NIL04LUfX2aaJ+C9vyEp2fJ7jbqFEYgO9lQ==",
      "cpu": [
        "ia32"
      ],
      "dev": true,
      "optional": true,
      "os": [
        "linux"
      ],
      "engines": {
        "node": ">=12"
      }
    },
    "node_modules/@esbuild/linux-loong64": {
      "version": "0.19.4",
      "resolved": "https://registry.npmjs.org/@esbuild/linux-loong64/-/linux-loong64-0.19.4.tgz",
      "integrity": "sha512-WVhIKO26kmm8lPmNrUikxSpXcgd6HDog0cx12BUfA2PkmURHSgx9G6vA19lrlQOMw+UjMZ+l3PpbtzffCxFDRg==",
      "cpu": [
        "loong64"
      ],
      "dev": true,
      "optional": true,
      "os": [
        "linux"
      ],
      "engines": {
        "node": ">=12"
      }
    },
    "node_modules/@esbuild/linux-mips64el": {
      "version": "0.19.4",
      "resolved": "https://registry.npmjs.org/@esbuild/linux-mips64el/-/linux-mips64el-0.19.4.tgz",
      "integrity": "sha512-keYY+Hlj5w86hNp5JJPuZNbvW4jql7c1eXdBUHIJGTeN/+0QFutU3GrS+c27L+NTmzi73yhtojHk+lr2+502Mw==",
      "cpu": [
        "mips64el"
      ],
      "dev": true,
      "optional": true,
      "os": [
        "linux"
      ],
      "engines": {
        "node": ">=12"
      }
    },
    "node_modules/@esbuild/linux-ppc64": {
      "version": "0.19.4",
      "resolved": "https://registry.npmjs.org/@esbuild/linux-ppc64/-/linux-ppc64-0.19.4.tgz",
      "integrity": "sha512-tQ92n0WMXyEsCH4m32S21fND8VxNiVazUbU4IUGVXQpWiaAxOBvtOtbEt3cXIV3GEBydYsY8pyeRMJx9kn3rvw==",
      "cpu": [
        "ppc64"
      ],
      "dev": true,
      "optional": true,
      "os": [
        "linux"
      ],
      "engines": {
        "node": ">=12"
      }
    },
    "node_modules/@esbuild/linux-riscv64": {
      "version": "0.19.4",
      "resolved": "https://registry.npmjs.org/@esbuild/linux-riscv64/-/linux-riscv64-0.19.4.tgz",
      "integrity": "sha512-tRRBey6fG9tqGH6V75xH3lFPpj9E8BH+N+zjSUCnFOX93kEzqS0WdyJHkta/mmJHn7MBaa++9P4ARiU4ykjhig==",
      "cpu": [
        "riscv64"
      ],
      "dev": true,
      "optional": true,
      "os": [
        "linux"
      ],
      "engines": {
        "node": ">=12"
      }
    },
    "node_modules/@esbuild/linux-s390x": {
      "version": "0.19.4",
      "resolved": "https://registry.npmjs.org/@esbuild/linux-s390x/-/linux-s390x-0.19.4.tgz",
      "integrity": "sha512-152aLpQqKZYhThiJ+uAM4PcuLCAOxDsCekIbnGzPKVBRUDlgaaAfaUl5NYkB1hgY6WN4sPkejxKlANgVcGl9Qg==",
      "cpu": [
        "s390x"
      ],
      "dev": true,
      "optional": true,
      "os": [
        "linux"
      ],
      "engines": {
        "node": ">=12"
      }
    },
    "node_modules/@esbuild/linux-x64": {
      "version": "0.19.4",
      "resolved": "https://registry.npmjs.org/@esbuild/linux-x64/-/linux-x64-0.19.4.tgz",
      "integrity": "sha512-Mi4aNA3rz1BNFtB7aGadMD0MavmzuuXNTaYL6/uiYIs08U7YMPETpgNn5oue3ICr+inKwItOwSsJDYkrE9ekVg==",
      "cpu": [
        "x64"
      ],
      "dev": true,
      "optional": true,
      "os": [
        "linux"
      ],
      "engines": {
        "node": ">=12"
      }
    },
    "node_modules/@esbuild/netbsd-x64": {
      "version": "0.19.4",
      "resolved": "https://registry.npmjs.org/@esbuild/netbsd-x64/-/netbsd-x64-0.19.4.tgz",
      "integrity": "sha512-9+Wxx1i5N/CYo505CTT7T+ix4lVzEdz0uCoYGxM5JDVlP2YdDC1Bdz+Khv6IbqmisT0Si928eAxbmGkcbiuM/A==",
      "cpu": [
        "x64"
      ],
      "dev": true,
      "optional": true,
      "os": [
        "netbsd"
      ],
      "engines": {
        "node": ">=12"
      }
    },
    "node_modules/@esbuild/openbsd-x64": {
      "version": "0.19.4",
      "resolved": "https://registry.npmjs.org/@esbuild/openbsd-x64/-/openbsd-x64-0.19.4.tgz",
      "integrity": "sha512-MFsHleM5/rWRW9EivFssop+OulYVUoVcqkyOkjiynKBCGBj9Lihl7kh9IzrreDyXa4sNkquei5/DTP4uCk25xw==",
      "cpu": [
        "x64"
      ],
      "dev": true,
      "optional": true,
      "os": [
        "openbsd"
      ],
      "engines": {
        "node": ">=12"
      }
    },
    "node_modules/@esbuild/sunos-x64": {
      "version": "0.19.4",
      "resolved": "https://registry.npmjs.org/@esbuild/sunos-x64/-/sunos-x64-0.19.4.tgz",
      "integrity": "sha512-6Xq8SpK46yLvrGxjp6HftkDwPP49puU4OF0hEL4dTxqCbfx09LyrbUj/D7tmIRMj5D5FCUPksBbxyQhp8tmHzw==",
      "cpu": [
        "x64"
      ],
      "dev": true,
      "optional": true,
      "os": [
        "sunos"
      ],
      "engines": {
        "node": ">=12"
      }
    },
    "node_modules/@esbuild/win32-arm64": {
      "version": "0.19.4",
      "resolved": "https://registry.npmjs.org/@esbuild/win32-arm64/-/win32-arm64-0.19.4.tgz",
      "integrity": "sha512-PkIl7Jq4mP6ke7QKwyg4fD4Xvn8PXisagV/+HntWoDEdmerB2LTukRZg728Yd1Fj+LuEX75t/hKXE2Ppk8Hh1w==",
      "cpu": [
        "arm64"
      ],
      "dev": true,
      "optional": true,
      "os": [
        "win32"
      ],
      "engines": {
        "node": ">=12"
      }
    },
    "node_modules/@esbuild/win32-ia32": {
      "version": "0.19.4",
      "resolved": "https://registry.npmjs.org/@esbuild/win32-ia32/-/win32-ia32-0.19.4.tgz",
      "integrity": "sha512-ga676Hnvw7/ycdKB53qPusvsKdwrWzEyJ+AtItHGoARszIqvjffTwaaW3b2L6l90i7MO9i+dlAW415INuRhSGg==",
      "cpu": [
        "ia32"
      ],
      "dev": true,
      "optional": true,
      "os": [
        "win32"
      ],
      "engines": {
        "node": ">=12"
      }
    },
    "node_modules/@esbuild/win32-x64": {
      "version": "0.19.4",
      "resolved": "https://registry.npmjs.org/@esbuild/win32-x64/-/win32-x64-0.19.4.tgz",
      "integrity": "sha512-HP0GDNla1T3ZL8Ko/SHAS2GgtjOg+VmWnnYLhuTksr++EnduYB0f3Y2LzHsUwb2iQ13JGoY6G3R8h6Du/WG6uA==",
      "cpu": [
        "x64"
      ],
      "dev": true,
      "optional": true,
      "os": [
        "win32"
      ],
      "engines": {
        "node": ">=12"
      }
    },
    "node_modules/@fastify/busboy": {
      "version": "2.0.0",
      "resolved": "https://registry.npmjs.org/@fastify/busboy/-/busboy-2.0.0.tgz",
      "integrity": "sha512-JUFJad5lv7jxj926GPgymrWQxxjPYuJNiNjNMzqT+HiuP6Vl3dk5xzG+8sTX96np0ZAluvaMzPsjhHZ5rNuNQQ==",
      "engines": {
        "node": ">=14"
      }
    },
    "node_modules/abort-controller": {
      "version": "3.0.0",
      "resolved": "https://registry.npmjs.org/abort-controller/-/abort-controller-3.0.0.tgz",
      "integrity": "sha512-h8lQ8tacZYnR3vNQTgibj+tODHI5/+l06Au2Pcriv/Gmet0eaj4TwWH41sO9wnHDiQsEj19q0drzdWdeAHtweg==",
      "dependencies": {
        "event-target-shim": "^5.0.0"
      },
      "engines": {
        "node": ">=6.5"
      }
    },
    "node_modules/almete.wordcloud": {
      "version": "19.0.0",
      "resolved": "git+ssh://git@github.com/SeregPie/almete.WordCloud.git#ad48ff5870560be2d998c3be6393ce432aa1f80c",
      "license": "MIT"
    },
    "node_modules/canonicalize": {
      "version": "1.0.8",
      "resolved": "https://registry.npmjs.org/canonicalize/-/canonicalize-1.0.8.tgz",
      "integrity": "sha512-0CNTVCLZggSh7bc5VkX5WWPWO+cyZbNd07IHIsSXLia/eAq+r836hgk+8BKoEh7949Mda87VUOitx5OddVj64A=="
    },
    "node_modules/chrono-node": {
      "version": "2.7.5",
      "resolved": "https://registry.npmjs.org/chrono-node/-/chrono-node-2.7.5.tgz",
      "integrity": "sha512-VJWqFN5rWmXVvXAxOD4i0jX8Tb4cLswaslyaAFhxM45zNXPsZleygPbgiaYBD7ORb9fj07zBgJb0Q6eKL+0iJg==",
      "dependencies": {
        "dayjs": "^1.10.0"
      },
      "engines": {
        "node": "^12.20.0 || ^14.13.1 || >=16.0.0"
      }
    },
    "node_modules/data-uri-to-buffer": {
      "version": "4.0.1",
      "resolved": "https://registry.npmjs.org/data-uri-to-buffer/-/data-uri-to-buffer-4.0.1.tgz",
      "integrity": "sha512-0R9ikRb668HB7QDxT1vkpuUBtqc53YyAwMwGeUFKRojY/NWKvdZ+9UYtRfGmhqNbRkTSVpMbmyhXipFFv2cb/A==",
      "engines": {
        "node": ">= 12"
      }
    },
    "node_modules/dayjs": {
      "version": "1.11.10",
      "resolved": "https://registry.npmjs.org/dayjs/-/dayjs-1.11.10.tgz",
      "integrity": "sha512-vjAczensTgRcqDERK0SR2XMwsF/tSvnvlv6VcF2GIhg6Sx4yOIt/irsr1RDJsKiIyBzJDpCoXiWWq28MqH2cnQ=="
    },
    "node_modules/esbuild": {
      "version": "0.19.4",
      "resolved": "https://registry.npmjs.org/esbuild/-/esbuild-0.19.4.tgz",
      "integrity": "sha512-x7jL0tbRRpv4QUyuDMjONtWFciygUxWaUM1kMX2zWxI0X2YWOt7MSA0g4UdeSiHM8fcYVzpQhKYOycZwxTdZkA==",
      "dev": true,
      "hasInstallScript": true,
      "bin": {
        "esbuild": "bin/esbuild"
      },
      "engines": {
        "node": ">=12"
      },
      "optionalDependencies": {
        "@esbuild/android-arm": "0.19.4",
        "@esbuild/android-arm64": "0.19.4",
        "@esbuild/android-x64": "0.19.4",
        "@esbuild/darwin-arm64": "0.19.4",
        "@esbuild/darwin-x64": "0.19.4",
        "@esbuild/freebsd-arm64": "0.19.4",
        "@esbuild/freebsd-x64": "0.19.4",
        "@esbuild/linux-arm": "0.19.4",
        "@esbuild/linux-arm64": "0.19.4",
        "@esbuild/linux-ia32": "0.19.4",
        "@esbuild/linux-loong64": "0.19.4",
        "@esbuild/linux-mips64el": "0.19.4",
        "@esbuild/linux-ppc64": "0.19.4",
        "@esbuild/linux-riscv64": "0.19.4",
        "@esbuild/linux-s390x": "0.19.4",
        "@esbuild/linux-x64": "0.19.4",
        "@esbuild/netbsd-x64": "0.19.4",
        "@esbuild/openbsd-x64": "0.19.4",
        "@esbuild/sunos-x64": "0.19.4",
        "@esbuild/win32-arm64": "0.19.4",
        "@esbuild/win32-ia32": "0.19.4",
        "@esbuild/win32-x64": "0.19.4"
      }
    },
    "node_modules/escape-string-regexp": {
      "version": "5.0.0",
      "resolved": "https://registry.npmjs.org/escape-string-regexp/-/escape-string-regexp-5.0.0.tgz",
      "integrity": "sha512-/veY75JbMK4j1yjvuUxuVsiS/hr/4iHs9FTT6cgTexxdE0Ly/glccBAkloH/DofkjRbZU3bnoj38mOmhkZ0lHw==",
      "engines": {
        "node": ">=12"
      },
      "funding": {
        "url": "https://github.com/sponsors/sindresorhus"
      }
    },
    "node_modules/esm": {
      "version": "3.2.25",
      "resolved": "https://registry.npmjs.org/esm/-/esm-3.2.25.tgz",
      "integrity": "sha512-U1suiZ2oDVWv4zPO56S0NcR5QriEahGtdN2OR6FiOG4WJvcjBVFB0qI4+eKoWFH483PKGuLuu6V8Z4T5g63UVA==",
      "engines": {
        "node": ">=6"
      }
    },
    "node_modules/event-target-shim": {
      "version": "5.0.1",
      "resolved": "https://registry.npmjs.org/event-target-shim/-/event-target-shim-5.0.1.tgz",
      "integrity": "sha512-i/2XbnSz/uxRCU6+NdVJgKWDTM427+MqYbkQzD321DuCQJUqOuJKIA0IM2+W2xtYHdKOmZ4dR6fExsd4SXL+WQ==",
      "engines": {
        "node": ">=6"
      }
    },
    "node_modules/fetch-blob": {
      "version": "3.2.0",
      "resolved": "https://registry.npmjs.org/fetch-blob/-/fetch-blob-3.2.0.tgz",
      "integrity": "sha512-7yAQpD2UMJzLi1Dqv7qFYnPbaPx7ZfFK6PiIxQ4PfkGPyNyl2Ugx+a/umUonmKqjhM4DnfbMvdX6otXq83soQQ==",
      "funding": [
        {
          "type": "github",
          "url": "https://github.com/sponsors/jimmywarting"
        },
        {
          "type": "paypal",
          "url": "https://paypal.me/jimmywarting"
        }
      ],
      "dependencies": {
        "node-domexception": "^1.0.0",
        "web-streams-polyfill": "^3.0.3"
      },
      "engines": {
        "node": "^12.20 || >= 14.13"
      }
    },
    "node_modules/formdata-polyfill": {
      "version": "4.0.10",
      "resolved": "https://registry.npmjs.org/formdata-polyfill/-/formdata-polyfill-4.0.10.tgz",
      "integrity": "sha512-buewHzMvYL29jdeQTVILecSaZKnt/RJWjoZCF5OW60Z67/GmSLBkOFM7qh1PI3zFNtJbaZL5eQu1vLfazOwj4g==",
      "dependencies": {
        "fetch-blob": "^3.1.2"
      },
      "engines": {
        "node": ">=12.20.0"
      }
    },
    "node_modules/jsonld": {
      "version": "8.3.1",
      "resolved": "https://registry.npmjs.org/jsonld/-/jsonld-8.3.1.tgz",
      "integrity": "sha512-tYfKpWL56meSJCHS91Ph0+EUThHZOZ8bKuboME4998SF+Kkukp2PhCPdRCvA7tsGUKr9FvSoyIRqJPuImBcBuA==",
      "dependencies": {
        "@digitalbazaar/http-client": "^3.4.1",
        "canonicalize": "^1.0.1",
        "lru-cache": "^6.0.0",
        "rdf-canonize": "^3.4.0"
      },
      "engines": {
        "node": ">=14"
      }
    },
    "node_modules/jsonld-object-graph": {
      "version": "1.0.9",
      "resolved": "https://registry.npmjs.org/jsonld-object-graph/-/jsonld-object-graph-1.0.9.tgz",
      "integrity": "sha512-+U67Mfsg11OiAk8+Tktt/09zr0XMc4hacOaaXQagY8OhPtfwgad1u6H9zN7EM+kgh3j/uhQOY7/SsS4072U6Qw==",
      "dependencies": {
        "jsonld": "5.2.0",
        "ramda": "0.27.2"
      },
      "engines": {
        "node": ">=8.0.0"
      }
    },
    "node_modules/jsonld-object-graph/node_modules/@digitalbazaar/http-client": {
      "version": "1.2.0",
      "resolved": "https://registry.npmjs.org/@digitalbazaar/http-client/-/http-client-1.2.0.tgz",
      "integrity": "sha512-W9KQQ5pUJcaR0I4c2HPJC0a7kRbZApIorZgPnEDwMBgj16iQzutGLrCXYaZOmxqVLVNqqlQ4aUJh+HBQZy4W6Q==",
      "dependencies": {
        "esm": "^3.2.22",
        "ky": "^0.25.1",
        "ky-universal": "^0.8.2"
      },
      "engines": {
        "node": ">=10.0.0"
      }
    },
    "node_modules/jsonld-object-graph/node_modules/data-uri-to-buffer": {
      "version": "3.0.1",
      "resolved": "https://registry.npmjs.org/data-uri-to-buffer/-/data-uri-to-buffer-3.0.1.tgz",
      "integrity": "sha512-WboRycPNsVw3B3TL559F7kuBUM4d8CgMEvk6xEJlOp7OBPjt6G7z8WMWlD2rOFZLk6OYfFIUGsCOWzcQH9K2og==",
      "engines": {
        "node": ">= 6"
      }
    },
    "node_modules/jsonld-object-graph/node_modules/fetch-blob": {
      "version": "2.1.2",
      "resolved": "https://registry.npmjs.org/fetch-blob/-/fetch-blob-2.1.2.tgz",
      "integrity": "sha512-YKqtUDwqLyfyMnmbw8XD6Q8j9i/HggKtPEI+pZ1+8bvheBu78biSmNaXWusx1TauGqtUUGx/cBb1mKdq2rLYow==",
      "engines": {
        "node": "^10.17.0 || >=12.3.0"
      },
      "peerDependenciesMeta": {
        "domexception": {
          "optional": true
        }
      }
    },
    "node_modules/jsonld-object-graph/node_modules/jsonld": {
      "version": "5.2.0",
      "resolved": "https://registry.npmjs.org/jsonld/-/jsonld-5.2.0.tgz",
      "integrity": "sha512-JymgT6Xzk5CHEmHuEyvoTNviEPxv6ihLWSPu1gFdtjSAyM6cFqNrv02yS/SIur3BBIkCf0HjizRc24d8/FfQKw==",
      "dependencies": {
        "@digitalbazaar/http-client": "^1.1.0",
        "canonicalize": "^1.0.1",
        "lru-cache": "^6.0.0",
        "rdf-canonize": "^3.0.0"
      },
      "engines": {
        "node": ">=12"
      }
    },
    "node_modules/jsonld-object-graph/node_modules/ky": {
      "version": "0.25.1",
      "resolved": "https://registry.npmjs.org/ky/-/ky-0.25.1.tgz",
      "integrity": "sha512-PjpCEWlIU7VpiMVrTwssahkYXX1by6NCT0fhTUX34F3DTinARlgMpriuroolugFPcMgpPWrOW4mTb984Qm1RXA==",
      "engines": {
        "node": ">=10"
      },
      "funding": {
        "url": "https://github.com/sindresorhus/ky?sponsor=1"
      }
    },
    "node_modules/jsonld-object-graph/node_modules/ky-universal": {
      "version": "0.8.2",
      "resolved": "https://registry.npmjs.org/ky-universal/-/ky-universal-0.8.2.tgz",
      "integrity": "sha512-xe0JaOH9QeYxdyGLnzUOVGK4Z6FGvDVzcXFTdrYA1f33MZdEa45sUDaMBy98xQMcsd2XIBrTXRrRYnegcSdgVQ==",
      "dependencies": {
        "abort-controller": "^3.0.0",
        "node-fetch": "3.0.0-beta.9"
      },
      "engines": {
        "node": ">=10.17"
      },
      "funding": {
        "url": "https://github.com/sindresorhus/ky-universal?sponsor=1"
      },
      "peerDependencies": {
        "ky": ">=0.17.0",
        "web-streams-polyfill": ">=2.0.0"
      },
      "peerDependenciesMeta": {
        "web-streams-polyfill": {
          "optional": true
        }
      }
    },
    "node_modules/jsonld-object-graph/node_modules/node-fetch": {
      "version": "3.0.0-beta.9",
      "resolved": "https://registry.npmjs.org/node-fetch/-/node-fetch-3.0.0-beta.9.tgz",
      "integrity": "sha512-RdbZCEynH2tH46+tj0ua9caUHVWrd/RHnRfvly2EVdqGmI3ndS1Vn/xjm5KuGejDt2RNDQsVRLPNd2QPwcewVg==",
      "dependencies": {
        "data-uri-to-buffer": "^3.0.1",
        "fetch-blob": "^2.1.1"
      },
      "engines": {
        "node": "^10.17 || >=12.3"
      },
      "funding": {
        "type": "opencollective",
        "url": "https://opencollective.com/node-fetch"
      }
    },
    "node_modules/ky": {
      "version": "0.33.3",
      "resolved": "https://registry.npmjs.org/ky/-/ky-0.33.3.tgz",
      "integrity": "sha512-CasD9OCEQSFIam2U8efFK81Yeg8vNMTBUqtMOHlrcWQHqUX3HeCl9Dr31u4toV7emlH8Mymk5+9p0lL6mKb/Xw==",
      "engines": {
        "node": ">=14.16"
      },
      "funding": {
        "url": "https://github.com/sindresorhus/ky?sponsor=1"
      }
    },
    "node_modules/ky-universal": {
      "version": "0.11.0",
      "resolved": "https://registry.npmjs.org/ky-universal/-/ky-universal-0.11.0.tgz",
      "integrity": "sha512-65KyweaWvk+uKKkCrfAf+xqN2/epw1IJDtlyCPxYffFCMR8u1sp2U65NtWpnozYfZxQ6IUzIlvUcw+hQ82U2Xw==",
      "dependencies": {
        "abort-controller": "^3.0.0",
        "node-fetch": "^3.2.10"
      },
      "engines": {
        "node": ">=14.16"
      },
      "funding": {
        "url": "https://github.com/sindresorhus/ky-universal?sponsor=1"
      },
      "peerDependencies": {
        "ky": ">=0.31.4",
        "web-streams-polyfill": ">=3.2.1"
      },
      "peerDependenciesMeta": {
        "web-streams-polyfill": {
          "optional": true
        }
      }
    },
    "node_modules/lru-cache": {
      "version": "6.0.0",
      "resolved": "https://registry.npmjs.org/lru-cache/-/lru-cache-6.0.0.tgz",
      "integrity": "sha512-Jo6dJ04CmSjuznwJSS3pUeWmd/H0ffTlkXXgwZi+eq1UCmqQwCh+eLsYOYCwY991i2Fah4h1BEMCx4qThGbsiA==",
      "dependencies": {
        "yallist": "^4.0.0"
      },
      "engines": {
        "node": ">=10"
      }
    },
    "node_modules/node-domexception": {
      "version": "1.0.0",
      "resolved": "https://registry.npmjs.org/node-domexception/-/node-domexception-1.0.0.tgz",
      "integrity": "sha512-/jKZoMpw0F8GRwl4/eLROPA3cfcXtLApP0QzLmUT/HuPCZWyB7IY9ZrMeKw2O/nFIqPQB3PVM9aYm0F312AXDQ==",
      "funding": [
        {
          "type": "github",
          "url": "https://github.com/sponsors/jimmywarting"
        },
        {
          "type": "github",
          "url": "https://paypal.me/jimmywarting"
        }
      ],
      "engines": {
        "node": ">=10.5.0"
      }
    },
    "node_modules/node-fetch": {
      "version": "3.3.2",
      "resolved": "https://registry.npmjs.org/node-fetch/-/node-fetch-3.3.2.tgz",
      "integrity": "sha512-dRB78srN/l6gqWulah9SrxeYnxeddIG30+GOqK/9OlLVyLg3HPnr6SqOWTWOXKRwC2eGYCkZ59NNuSgvSrpgOA==",
      "dependencies": {
        "data-uri-to-buffer": "^4.0.0",
        "fetch-blob": "^3.1.4",
        "formdata-polyfill": "^4.0.10"
      },
      "engines": {
        "node": "^12.20.0 || ^14.13.1 || >=16.0.0"
      },
      "funding": {
        "type": "opencollective",
        "url": "https://opencollective.com/node-fetch"
      }
    },
    "node_modules/ramda": {
      "version": "0.27.2",
      "resolved": "https://registry.npmjs.org/ramda/-/ramda-0.27.2.tgz",
      "integrity": "sha512-SbiLPU40JuJniHexQSAgad32hfwd+DRUdwF2PlVuI5RZD0/vahUco7R8vD86J/tcEKKF9vZrUVwgtmGCqlCKyA=="
    },
    "node_modules/rdf-canonize": {
      "version": "3.4.0",
      "resolved": "https://registry.npmjs.org/rdf-canonize/-/rdf-canonize-3.4.0.tgz",
      "integrity": "sha512-fUeWjrkOO0t1rg7B2fdyDTvngj+9RlUyL92vOdiB7c0FPguWVsniIMjEtHH+meLBO9rzkUlUzBVXgWrjI8P9LA==",
      "dependencies": {
        "setimmediate": "^1.0.5"
      },
      "engines": {
        "node": ">=12"
      }
    },
    "node_modules/setimmediate": {
      "version": "1.0.5",
      "resolved": "https://registry.npmjs.org/setimmediate/-/setimmediate-1.0.5.tgz",
      "integrity": "sha512-MATJdZp8sLqDl/68LfQmbP8zKPLQNV6BIZoIgrscFDQ+RsvK/BxeDQOgyxKKoh0y/8h3BqVFnCqQ/gd+reiIXA=="
    },
    "node_modules/undici": {
      "version": "5.28.3",
      "resolved": "https://registry.npmjs.org/undici/-/undici-5.28.3.tgz",
      "integrity": "sha512-3ItfzbrhDlINjaP0duwnNsKpDQk3acHI3gVJ1z4fmwMK31k5G9OVIAMLSIaP6w4FaGkaAkN6zaQO9LUvZ1t7VA==",
      "dependencies": {
        "@fastify/busboy": "^2.0.0"
      },
      "engines": {
        "node": ">=14.0"
      }
    },
    "node_modules/web-streams-polyfill": {
      "version": "3.2.1",
      "resolved": "https://registry.npmjs.org/web-streams-polyfill/-/web-streams-polyfill-3.2.1.tgz",
      "integrity": "sha512-e0MO3wdXWKrLbL0DgGnUV7WHVuw9OUvL4hjgnPkIeEvESk74gAITi5G606JtZPp39cd8HA9VQzCIvA49LpPN5Q==",
      "engines": {
        "node": ">= 8"
      }
    },
    "node_modules/yallist": {
      "version": "4.0.0",
      "resolved": "https://registry.npmjs.org/yallist/-/yallist-4.0.0.tgz",
      "integrity": "sha512-3wdGidZyq5PB084XLES5TpOSRA3wjXAlIWMhum2kRcv/41Sn2emQ0dycQW4uZXLejwKvg6EsvbdlVL+FYEct7A=="
    }
  }
}
